
Microsoft Visual Studio Solution File, Format Version 12.00
# Visual Studio 15
VisualStudioVersion = 15.0.33026.149
MinimumVisualStudioVersion = 10.0.40219.1
Project("{9A19103F-16F7-4668-BE54-9A1E7A4F7556}") = "Haru", "Haru\Haru.csproj", "{362A331C-0888-4775-A2C0-51EF7E5AE318}"
EndProject
Project("{9A19103F-16F7-4668-BE54-9A1E7A4F7556}") = "Senko.EftData", "Senko.EftData\Senko.EftData.csproj", "{39A0F4D5-E96B-4877-BB56-FD08B541781C}"
EndProject
Project("{9A19103F-16F7-4668-BE54-9A1E7A4F7556}") = "Haru.Client", "Haru.Client\Haru.Client.csproj", "{67B9B0A3-AEC8-4669-A6FD-6AFFECA31327}"
EndProject
Project("{FAE04EC0-301F-11D3-BF4B-00C04F79EFBC}") = "Haru.Server", "Haru.Server\Haru.Server.csproj", "{8B4886D2-6042-43A0-A1ED-473F23D27E63}"
EndProject
Global
	GlobalSection(SolutionConfigurationPlatforms) = preSolution
		Debug|Any CPU = Debug|Any CPU
		Release|Any CPU = Release|Any CPU
	EndGlobalSection
	GlobalSection(ProjectConfigurationPlatforms) = postSolution
		{362A331C-0888-4775-A2C0-51EF7E5AE318}.Debug|Any CPU.ActiveCfg = Debug|Any CPU
		{362A331C-0888-4775-A2C0-51EF7E5AE318}.Debug|Any CPU.Build.0 = Debug|Any CPU
		{362A331C-0888-4775-A2C0-51EF7E5AE318}.Release|Any CPU.ActiveCfg = Debug|Any CPU
		{362A331C-0888-4775-A2C0-51EF7E5AE318}.Release|Any CPU.Build.0 = Debug|Any CPU
		{39A0F4D5-E96B-4877-BB56-FD08B541781C}.Debug|Any CPU.ActiveCfg = Debug|Any CPU
		{39A0F4D5-E96B-4877-BB56-FD08B541781C}.Debug|Any CPU.Build.0 = Debug|Any CPU
		{39A0F4D5-E96B-4877-BB56-FD08B541781C}.Release|Any CPU.ActiveCfg = Debug|Any CPU
		{39A0F4D5-E96B-4877-BB56-FD08B541781C}.Release|Any CPU.Build.0 = Debug|Any CPU
		{67B9B0A3-AEC8-4669-A6FD-6AFFECA31327}.Debug|Any CPU.ActiveCfg = Debug|Any CPU
		{67B9B0A3-AEC8-4669-A6FD-6AFFECA31327}.Debug|Any CPU.Build.0 = Debug|Any CPU
		{67B9B0A3-AEC8-4669-A6FD-6AFFECA31327}.Release|Any CPU.ActiveCfg = Debug|Any CPU
		{67B9B0A3-AEC8-4669-A6FD-6AFFECA31327}.Release|Any CPU.Build.0 = Debug|Any CPU
		{8B4886D2-6042-43A0-A1ED-473F23D27E63}.Debug|Any CPU.ActiveCfg = Debug|Any CPU
		{8B4886D2-6042-43A0-A1ED-473F23D27E63}.Debug|Any CPU.Build.0 = Debug|Any CPU
		{8B4886D2-6042-43A0-A1ED-473F23D27E63}.Release|Any CPU.ActiveCfg = Debug|Any CPU
		{8B4886D2-6042-43A0-A1ED-473F23D27E63}.Release|Any CPU.Build.0 = Debug|Any CPU
	EndGlobalSection
	GlobalSection(SolutionProperties) = preSolution
		HideSolutionNode = FALSE
	EndGlobalSection
	GlobalSection(ExtensibilityGlobals) = postSolution
		SolutionGuid = {A2BCDF79-844E-45D5-BD6B-1A982D6801D1}
	EndGlobalSection
EndGlobal
