
Microsoft Visual Studio Solution File, Format Version 12.00
# Visual Studio 15
VisualStudioVersion = 15.0.33026.149
MinimumVisualStudioVersion = 10.0.40219.1
Project("{9A19103F-16F7-4668-BE54-9A1E7A4F7556}") = "Haru", "Core\Haru\Haru.csproj", "{362A331C-0888-4775-A2C0-51EF7E5AE318}"
EndProject
Project("{9A19103F-16F7-4668-BE54-9A1E7A4F7556}") = "Senko.Langpack", "Mods\Senko.Langpack\Senko.Langpack.csproj", "{27584A71-CE2F-485A-A005-5D7095C511C4}"
EndProject
Project("{9A19103F-16F7-4668-BE54-9A1E7A4F7556}") = "Haru.ModApi", "Core\Haru.ModApi\Haru.ModApi.csproj", "{A24BE65A-47AD-45D1-94DD-69A72DB4D191}"
EndProject
Project("{9A19103F-16F7-4668-BE54-9A1E7A4F7556}") = "Senko.EftData", "Mods\Senko.EftData\Senko.EftData.csproj", "{39A0F4D5-E96B-4877-BB56-FD08B541781C}"
EndProject
Project("{2150E333-8FDC-42A3-9474-1A3956D46DE8}") = "Core", "Core", "{B3D9CDE2-AAD2-4089-ABE8-913AC3A0498E}"
EndProject
Project("{2150E333-8FDC-42A3-9474-1A3956D46DE8}") = "Mods", "Mods", "{49845725-F3F2-4C5B-901D-701C4226B925}"
EndProject
Project("{9A19103F-16F7-4668-BE54-9A1E7A4F7556}") = "Haru.Loader", "Core\Haru.Loader\Haru.Loader.csproj", "{67B9B0A3-AEC8-4669-A6FD-6AFFECA31327}"
EndProject
Global
	GlobalSection(SolutionConfigurationPlatforms) = preSolution
		Debug (BepInEx)|Any CPU = Debug (BepInEx)|Any CPU
		Debug (MelonLoader)|Any CPU = Debug (MelonLoader)|Any CPU
		Debug (NLog)|Any CPU = Debug (NLog)|Any CPU
	EndGlobalSection
	GlobalSection(ProjectConfigurationPlatforms) = postSolution
		{362A331C-0888-4775-A2C0-51EF7E5AE318}.Debug (BepInEx)|Any CPU.ActiveCfg = Debug|Any CPU
		{362A331C-0888-4775-A2C0-51EF7E5AE318}.Debug (BepInEx)|Any CPU.Build.0 = Debug|Any CPU
		{362A331C-0888-4775-A2C0-51EF7E5AE318}.Debug (MelonLoader)|Any CPU.ActiveCfg = Debug|Any CPU
		{362A331C-0888-4775-A2C0-51EF7E5AE318}.Debug (MelonLoader)|Any CPU.Build.0 = Debug|Any CPU
		{362A331C-0888-4775-A2C0-51EF7E5AE318}.Debug (NLog)|Any CPU.ActiveCfg = Debug|Any CPU
		{362A331C-0888-4775-A2C0-51EF7E5AE318}.Debug (NLog)|Any CPU.Build.0 = Debug|Any CPU
		{27584A71-CE2F-485A-A005-5D7095C511C4}.Debug (BepInEx)|Any CPU.ActiveCfg = Debug|Any CPU
		{27584A71-CE2F-485A-A005-5D7095C511C4}.Debug (BepInEx)|Any CPU.Build.0 = Debug|Any CPU
		{27584A71-CE2F-485A-A005-5D7095C511C4}.Debug (MelonLoader)|Any CPU.ActiveCfg = Debug|Any CPU
		{27584A71-CE2F-485A-A005-5D7095C511C4}.Debug (MelonLoader)|Any CPU.Build.0 = Debug|Any CPU
		{27584A71-CE2F-485A-A005-5D7095C511C4}.Debug (NLog)|Any CPU.ActiveCfg = Debug|Any CPU
		{27584A71-CE2F-485A-A005-5D7095C511C4}.Debug (NLog)|Any CPU.Build.0 = Debug|Any CPU
		{A24BE65A-47AD-45D1-94DD-69A72DB4D191}.Debug (BepInEx)|Any CPU.ActiveCfg = Debug|Any CPU
		{A24BE65A-47AD-45D1-94DD-69A72DB4D191}.Debug (BepInEx)|Any CPU.Build.0 = Debug|Any CPU
		{A24BE65A-47AD-45D1-94DD-69A72DB4D191}.Debug (MelonLoader)|Any CPU.ActiveCfg = Debug|Any CPU
		{A24BE65A-47AD-45D1-94DD-69A72DB4D191}.Debug (MelonLoader)|Any CPU.Build.0 = Debug|Any CPU
		{A24BE65A-47AD-45D1-94DD-69A72DB4D191}.Debug (NLog)|Any CPU.ActiveCfg = Debug|Any CPU
		{A24BE65A-47AD-45D1-94DD-69A72DB4D191}.Debug (NLog)|Any CPU.Build.0 = Debug|Any CPU
		{39A0F4D5-E96B-4877-BB56-FD08B541781C}.Debug (BepInEx)|Any CPU.ActiveCfg = Debug|Any CPU
		{39A0F4D5-E96B-4877-BB56-FD08B541781C}.Debug (BepInEx)|Any CPU.Build.0 = Debug|Any CPU
		{39A0F4D5-E96B-4877-BB56-FD08B541781C}.Debug (MelonLoader)|Any CPU.ActiveCfg = Debug|Any CPU
		{39A0F4D5-E96B-4877-BB56-FD08B541781C}.Debug (MelonLoader)|Any CPU.Build.0 = Debug|Any CPU
		{39A0F4D5-E96B-4877-BB56-FD08B541781C}.Debug (NLog)|Any CPU.ActiveCfg = Debug|Any CPU
		{39A0F4D5-E96B-4877-BB56-FD08B541781C}.Debug (NLog)|Any CPU.Build.0 = Debug|Any CPU
		{67B9B0A3-AEC8-4669-A6FD-6AFFECA31327}.Debug (BepInEx)|Any CPU.ActiveCfg = Debug (BepInEx)|Any CPU
		{67B9B0A3-AEC8-4669-A6FD-6AFFECA31327}.Debug (BepInEx)|Any CPU.Build.0 = Debug (BepInEx)|Any CPU
		{67B9B0A3-AEC8-4669-A6FD-6AFFECA31327}.Debug (MelonLoader)|Any CPU.ActiveCfg = Debug (MelonLoader)|Any CPU
		{67B9B0A3-AEC8-4669-A6FD-6AFFECA31327}.Debug (MelonLoader)|Any CPU.Build.0 = Debug (MelonLoader)|Any CPU
		{67B9B0A3-AEC8-4669-A6FD-6AFFECA31327}.Debug (NLog)|Any CPU.ActiveCfg = Debug (NLog)|Any CPU
		{67B9B0A3-AEC8-4669-A6FD-6AFFECA31327}.Debug (NLog)|Any CPU.Build.0 = Debug (NLog)|Any CPU
	EndGlobalSection
	GlobalSection(SolutionProperties) = preSolution
		HideSolutionNode = FALSE
	EndGlobalSection
	GlobalSection(NestedProjects) = preSolution
		{362A331C-0888-4775-A2C0-51EF7E5AE318} = {B3D9CDE2-AAD2-4089-ABE8-913AC3A0498E}
		{27584A71-CE2F-485A-A005-5D7095C511C4} = {49845725-F3F2-4C5B-901D-701C4226B925}
		{A24BE65A-47AD-45D1-94DD-69A72DB4D191} = {B3D9CDE2-AAD2-4089-ABE8-913AC3A0498E}
		{39A0F4D5-E96B-4877-BB56-FD08B541781C} = {49845725-F3F2-4C5B-901D-701C4226B925}
		{67B9B0A3-AEC8-4669-A6FD-6AFFECA31327} = {B3D9CDE2-AAD2-4089-ABE8-913AC3A0498E}
	EndGlobalSection
	GlobalSection(ExtensibilityGlobals) = postSolution
		SolutionGuid = {A2BCDF79-844E-45D5-BD6B-1A982D6801D1}
	EndGlobalSection
EndGlobal
